// !$*UTF8*$!
{
	archiveVersion = 1;
	classes = {
	};
	objectVersion = 55;
	objects = {

/* Begin PBXBuildFile section */
		242EBE002821AF4E0054C82B /* KGamesApp.swift in Sources */ = {isa = PBXBuildFile; fileRef = 242EBDFF2821AF4E0054C82B /* KGamesApp.swift */; };
		242EBE042821AF550054C82B /* Assets.xcassets in Resources */ = {isa = PBXBuildFile; fileRef = 242EBE032821AF550054C82B /* Assets.xcassets */; };
		242EBE072821AF550054C82B /* Preview Assets.xcassets in Resources */ = {isa = PBXBuildFile; fileRef = 242EBE062821AF550054C82B /* Preview Assets.xcassets */; };
		242EBE0E2821AFB20054C82B /* GameView.swift in Sources */ = {isa = PBXBuildFile; fileRef = 242EBE0D2821AFB20054C82B /* GameView.swift */; };
		242EBE122821B0150054C82B /* WelcomeView.swift in Sources */ = {isa = PBXBuildFile; fileRef = 242EBE112821B0150054C82B /* WelcomeView.swift */; };
		242EBE142821B0380054C82B /* GameColor.swift in Sources */ = {isa = PBXBuildFile; fileRef = 242EBE132821B0380054C82B /* GameColor.swift */; };
		242EBE182821B1070054C82B /* BottomTextView.swift in Sources */ = {isa = PBXBuildFile; fileRef = 242EBE172821B1070054C82B /* BottomTextView.swift */; };
		242EBE1A2821B11A0054C82B /* QuestionView.swift in Sources */ = {isa = PBXBuildFile; fileRef = 242EBE192821B11A0054C82B /* QuestionView.swift */; };
		242EBE1D2821B1E40054C82B /* ChoiceTextView.swift in Sources */ = {isa = PBXBuildFile; fileRef = 242EBE1C2821B1E40054C82B /* ChoiceTextView.swift */; };
		242EBE212821B2C80054C82B /* Game.swift in Sources */ = {isa = PBXBuildFile; fileRef = 242EBE202821B2C80054C82B /* Game.swift */; };
		242EBE232821B2DB0054C82B /* Question.swift in Sources */ = {isa = PBXBuildFile; fileRef = 242EBE222821B2DB0054C82B /* Question.swift */; };
		242EBE252821B37A0054C82B /* GameViewModel.swift in Sources */ = {isa = PBXBuildFile; fileRef = 242EBE242821B37A0054C82B /* GameViewModel.swift */; };
/* End PBXBuildFile section */

/* Begin PBXFileReference section */
		242EBDFC2821AF4E0054C82B /* KGames.app */ = {isa = PBXFileReference; explicitFileType = wrapper.application; includeInIndex = 0; path = KGames.app; sourceTree = BUILT_PRODUCTS_DIR; };
		242EBDFF2821AF4E0054C82B /* KGamesApp.swift */ = {isa = PBXFileReference; lastKnownFileType = sourcecode.swift; path = KGamesApp.swift; sourceTree = "<group>"; };
		242EBE032821AF550054C82B /* Assets.xcassets */ = {isa = PBXFileReference; lastKnownFileType = folder.assetcatalog; path = Assets.xcassets; sourceTree = "<group>"; };
		242EBE062821AF550054C82B /* Preview Assets.xcassets */ = {isa = PBXFileReference; lastKnownFileType = folder.assetcatalog; path = "Preview Assets.xcassets"; sourceTree = "<group>"; };
		242EBE0D2821AFB20054C82B /* GameView.swift */ = {isa = PBXFileReference; lastKnownFileType = sourcecode.swift; path = GameView.swift; sourceTree = "<group>"; };
		242EBE112821B0150054C82B /* WelcomeView.swift */ = {isa = PBXFileReference; lastKnownFileType = sourcecode.swift; path = WelcomeView.swift; sourceTree = "<group>"; };
		242EBE132821B0380054C82B /* GameColor.swift */ = {isa = PBXFileReference; lastKnownFileType = sourcecode.swift; path = GameColor.swift; sourceTree = "<group>"; };
		242EBE172821B1070054C82B /* BottomTextView.swift */ = {isa = PBXFileReference; lastKnownFileType = sourcecode.swift; path = BottomTextView.swift; sourceTree = "<group>"; };
		242EBE192821B11A0054C82B /* QuestionView.swift */ = {isa = PBXFileReference; lastKnownFileType = sourcecode.swift; path = QuestionView.swift; sourceTree = "<group>"; };
		242EBE1C2821B1E40054C82B /* ChoiceTextView.swift */ = {isa = PBXFileReference; lastKnownFileType = sourcecode.swift; path = ChoiceTextView.swift; sourceTree = "<group>"; };
		242EBE202821B2C80054C82B /* Game.swift */ = {isa = PBXFileReference; lastKnownFileType = sourcecode.swift; path = Game.swift; sourceTree = "<group>"; };
		242EBE222821B2DB0054C82B /* Question.swift */ = {isa = PBXFileReference; lastKnownFileType = sourcecode.swift; path = Question.swift; sourceTree = "<group>"; };
		242EBE242821B37A0054C82B /* GameViewModel.swift */ = {isa = PBXFileReference; lastKnownFileType = sourcecode.swift; path = GameViewModel.swift; sourceTree = "<group>"; };
/* End PBXFileReference section */

/* Begin PBXFrameworksBuildPhase section */
		242EBDF92821AF4E0054C82B /* Frameworks */ = {
			isa = PBXFrameworksBuildPhase;
			buildActionMask = 2147483647;
			files = (
			);
			runOnlyForDeploymentPostprocessing = 0;
		};
/* End PBXFrameworksBuildPhase section */

/* Begin PBXGroup section */
		242EBDF32821AF4D0054C82B = {
			isa = PBXGroup;
			children = (
				242EBDFE2821AF4E0054C82B /* KGames */,
				242EBDFD2821AF4E0054C82B /* Products */,
			);
			sourceTree = "<group>";
		};
		242EBDFD2821AF4E0054C82B /* Products */ = {
			isa = PBXGroup;
			children = (
				242EBDFC2821AF4E0054C82B /* KGames.app */,
			);
			name = Products;
			sourceTree = "<group>";
		};
		242EBDFE2821AF4E0054C82B /* KGames */ = {
			isa = PBXGroup;
			children = (
				242EBDFF2821AF4E0054C82B /* KGamesApp.swift */,
				242EBE1F2821B2860054C82B /* ViewModels */,
				242EBE1B2821B1980054C82B /* Views */,
				242EBE1E2821B2790054C82B /* Models */,
				242EBE032821AF550054C82B /* Assets.xcassets */,
				242EBE052821AF550054C82B /* Preview Content */,
			);
			path = KGames;
			sourceTree = "<group>";
		};
		242EBE052821AF550054C82B /* Preview Content */ = {
			isa = PBXGroup;
			children = (
				242EBE062821AF550054C82B /* Preview Assets.xcassets */,
			);
			path = "Preview Content";
			sourceTree = "<group>";
		};
		242EBE1B2821B1980054C82B /* Views */ = {
			isa = PBXGroup;
			children = (
				242EBE1C2821B1E40054C82B /* ChoiceTextView.swift */,
				242EBE112821B0150054C82B /* WelcomeView.swift */,
				242EBE0D2821AFB20054C82B /* GameView.swift */,
				242EBE132821B0380054C82B /* GameColor.swift */,
				242EBE172821B1070054C82B /* BottomTextView.swift */,
				242EBE192821B11A0054C82B /* QuestionView.swift */,
			);
			path = Views;
			sourceTree = "<group>";
		};
		242EBE1E2821B2790054C82B /* Models */ = {
			isa = PBXGroup;
			children = (
				242EBE202821B2C80054C82B /* Game.swift */,
				242EBE222821B2DB0054C82B /* Question.swift */,
			);
			path = Models;
			sourceTree = "<group>";
		};
		242EBE1F2821B2860054C82B /* ViewModels */ = {
			isa = PBXGroup;
			children = (
				242EBE242821B37A0054C82B /* GameViewModel.swift */,
			);
			path = ViewModels;
			sourceTree = "<group>";
		};
/* End PBXGroup section */

/* Begin PBXNativeTarget section */
		242EBDFB2821AF4E0054C82B /* KGames */ = {
			isa = PBXNativeTarget;
			buildConfigurationList = 242EBE0A2821AF550054C82B /* Build configuration list for PBXNativeTarget "KGames" */;
			buildPhases = (
				242EBDF82821AF4E0054C82B /* Sources */,
				242EBDF92821AF4E0054C82B /* Frameworks */,
				242EBDFA2821AF4E0054C82B /* Resources */,
			);
			buildRules = (
			);
			dependencies = (
			);
			name = KGames;
			productName = KGames;
			productReference = 242EBDFC2821AF4E0054C82B /* KGames.app */;
			productType = "com.apple.product-type.application";
		};
/* End PBXNativeTarget section */

/* Begin PBXProject section */
		242EBDF42821AF4D0054C82B /* Project object */ = {
			isa = PBXProject;
			attributes = {
				BuildIndependentTargetsInParallel = 1;
				LastSwiftUpdateCheck = 1330;
				LastUpgradeCheck = 1330;
				TargetAttributes = {
					242EBDFB2821AF4E0054C82B = {
						CreatedOnToolsVersion = 13.3;
					};
				};
			};
			buildConfigurationList = 242EBDF72821AF4D0054C82B /* Build configuration list for PBXProject "KGames" */;
			compatibilityVersion = "Xcode 13.0";
			developmentRegion = en;
			hasScannedForEncodings = 0;
			knownRegions = (
				en,
				Base,
			);
			mainGroup = 242EBDF32821AF4D0054C82B;
			productRefGroup = 242EBDFD2821AF4E0054C82B /* Products */;
			projectDirPath = "";
			projectRoot = "";
			targets = (
				242EBDFB2821AF4E0054C82B /* KGames */,
			);
		};
/* End PBXProject section */

/* Begin PBXResourcesBuildPhase section */
		242EBDFA2821AF4E0054C82B /* Resources */ = {
			isa = PBXResourcesBuildPhase;
			buildActionMask = 2147483647;
			files = (
				242EBE072821AF550054C82B /* Preview Assets.xcassets in Resources */,
				242EBE042821AF550054C82B /* Assets.xcassets in Resources */,
			);
			runOnlyForDeploymentPostprocessing = 0;
		};
/* End PBXResourcesBuildPhase section */

/* Begin PBXSourcesBuildPhase section */
		242EBDF82821AF4E0054C82B /* Sources */ = {
			isa = PBXSourcesBuildPhase;
			buildActionMask = 2147483647;
			files = (
				242EBE182821B1070054C82B /* BottomTextView.swift in Sources */,
				242EBE212821B2C80054C82B /* Game.swift in Sources */,
				242EBE252821B37A0054C82B /* GameViewModel.swift in Sources */,
				242EBE1D2821B1E40054C82B /* ChoiceTextView.swift in Sources */,
				242EBE142821B0380054C82B /* GameColor.swift in Sources */,
				242EBE232821B2DB0054C82B /* Question.swift in Sources */,
				242EBE1A2821B11A0054C82B /* QuestionView.swift in Sources */,
				242EBE0E2821AFB20054C82B /* GameView.swift in Sources */,
				242EBE002821AF4E0054C82B /* KGamesApp.swift in Sources */,
				242EBE122821B0150054C82B /* WelcomeView.swift in Sources */,
			);
			runOnlyForDeploymentPostprocessing = 0;
		};
/* End PBXSourcesBuildPhase section */

/* Begin XCBuildConfiguration section */
		242EBE082821AF550054C82B /* Debug */ = {
			isa = XCBuildConfiguration;
			buildSettings = {
				ALWAYS_SEARCH_USER_PATHS = NO;
				CLANG_ANALYZER_NONNULL = YES;
				CLANG_ANALYZER_NUMBER_OBJECT_CONVERSION = YES_AGGRESSIVE;
				CLANG_CXX_LANGUAGE_STANDARD = "gnu++17";
				CLANG_ENABLE_MODULES = YES;
				CLANG_ENABLE_OBJC_ARC = YES;
				CLANG_ENABLE_OBJC_WEAK = YES;
				CLANG_WARN_BLOCK_CAPTURE_AUTORELEASING = YES;
				CLANG_WARN_BOOL_CONVERSION = YES;
				CLANG_WARN_COMMA = YES;
				CLANG_WARN_CONSTANT_CONVERSION = YES;
				CLANG_WARN_DEPRECATED_OBJC_IMPLEMENTATIONS = YES;
				CLANG_WARN_DIRECT_OBJC_ISA_USAGE = YES_ERROR;
				CLANG_WARN_DOCUMENTATION_COMMENTS = YES;
				CLANG_WARN_EMPTY_BODY = YES;
				CLANG_WARN_ENUM_CONVERSION = YES;
				CLANG_WARN_INFINITE_RECURSION = YES;
				CLANG_WARN_INT_CONVERSION = YES;
				CLANG_WARN_NON_LITERAL_NULL_CONVERSION = YES;
				CLANG_WARN_OBJC_IMPLICIT_RETAIN_SELF = YES;
				CLANG_WARN_OBJC_LITERAL_CONVERSION = YES;
				CLANG_WARN_OBJC_ROOT_CLASS = YES_ERROR;
				CLANG_WARN_QUOTED_INCLUDE_IN_FRAMEWORK_HEADER = YES;
				CLANG_WARN_RANGE_LOOP_ANALYSIS = YES;
				CLANG_WARN_STRICT_PROTOTYPES = YES;
				CLANG_WARN_SUSPICIOUS_MOVE = YES;
				CLANG_WARN_UNGUARDED_AVAILABILITY = YES_AGGRESSIVE;
				CLANG_WARN_UNREACHABLE_CODE = YES;
				CLANG_WARN__DUPLICATE_METHOD_MATCH = YES;
				COPY_PHASE_STRIP = NO;
				DEBUG_INFORMATION_FORMAT = dwarf;
				ENABLE_STRICT_OBJC_MSGSEND = YES;
				ENABLE_TESTABILITY = YES;
				GCC_C_LANGUAGE_STANDARD = gnu11;
				GCC_DYNAMIC_NO_PIC = NO;
				GCC_NO_COMMON_BLOCKS = YES;
				GCC_OPTIMIZATION_LEVEL = 0;
				GCC_PREPROCESSOR_DEFINITIONS = (
					"DEBUG=1",
					"$(inherited)",
				);
				GCC_WARN_64_TO_32_BIT_CONVERSION = YES;
				GCC_WARN_ABOUT_RETURN_TYPE = YES_ERROR;
				GCC_WARN_UNDECLARED_SELECTOR = YES;
				GCC_WARN_UNINITIALIZED_AUTOS = YES_AGGRESSIVE;
				GCC_WARN_UNUSED_FUNCTION = YES;
				GCC_WARN_UNUSED_VARIABLE = YES;
				IPHONEOS_DEPLOYMENT_TARGET = 15.4;
				MTL_ENABLE_DEBUG_INFO = INCLUDE_SOURCE;
				MTL_FAST_MATH = YES;
				ONLY_ACTIVE_ARCH = YES;
				SDKROOT = iphoneos;
				SWIFT_ACTIVE_COMPILATION_CONDITIONS = DEBUG;
				SWIFT_OPTIMIZATION_LEVEL = "-Onone";
			};
			name = Debug;
		};
		242EBE092821AF550054C82B /* Release */ = {
			isa = XCBuildConfiguration;
			buildSettings = {
				ALWAYS_SEARCH_USER_PATHS = NO;
				CLANG_ANALYZER_NONNULL = YES;
				CLANG_ANALYZER_NUMBER_OBJECT_CONVERSION = YES_AGGRESSIVE;
				CLANG_CXX_LANGUAGE_STANDARD = "gnu++17";
				CLANG_ENABLE_MODULES = YES;
				CLANG_ENABLE_OBJC_ARC = YES;
				CLANG_ENABLE_OBJC_WEAK = YES;
				CLANG_WARN_BLOCK_CAPTURE_AUTORELEASING = YES;
				CLANG_WARN_BOOL_CONVERSION = YES;
				CLANG_WARN_COMMA = YES;
				CLANG_WARN_CONSTANT_CONVERSION = YES;
				CLANG_WARN_DEPRECATED_OBJC_IMPLEMENTATIONS = YES;
				CLANG_WARN_DIRECT_OBJC_ISA_USAGE = YES_ERROR;
				CLANG_WARN_DOCUMENTATION_COMMENTS = YES;
				CLANG_WARN_EMPTY_BODY = YES;
				CLANG_WARN_ENUM_CONVERSION = YES;
				CLANG_WARN_INFINITE_RECURSION = YES;
				CLANG_WARN_INT_CONVERSION = YES;
				CLANG_WARN_NON_LITERAL_NULL_CONVERSION = YES;
				CLANG_WARN_OBJC_IMPLICIT_RETAIN_SELF = YES;
				CLANG_WARN_OBJC_LITERAL_CONVERSION = YES;
				CLANG_WARN_OBJC_ROOT_CLASS = YES_ERROR;
				CLANG_WARN_QUOTED_INCLUDE_IN_FRAMEWORK_HEADER = YES;
				CLANG_WARN_RANGE_LOOP_ANALYSIS = YES;
				CLANG_WARN_STRICT_PROTOTYPES = YES;
				CLANG_WARN_SUSPICIOUS_MOVE = YES;
				CLANG_WARN_UNGUARDED_AVAILABILITY = YES_AGGRESSIVE;
				CLANG_WARN_UNREACHABLE_CODE = YES;
				CLANG_WARN__DUPLICATE_METHOD_MATCH = YES;
				COPY_PHASE_STRIP = NO;
				DEBUG_INFORMATION_FORMAT = "dwarf-with-dsym";
				ENABLE_NS_ASSERTIONS = NO;
				ENABLE_STRICT_OBJC_MSGSEND = YES;
				GCC_C_LANGUAGE_STANDARD = gnu11;
				GCC_NO_COMMON_BLOCKS = YES;
				GCC_WARN_64_TO_32_BIT_CONVERSION = YES;
				GCC_WARN_ABOUT_RETURN_TYPE = YES_ERROR;
				GCC_WARN_UNDECLARED_SELECTOR = YES;
				GCC_WARN_UNINITIALIZED_AUTOS = YES_AGGRESSIVE;
				GCC_WARN_UNUSED_FUNCTION = YES;
				GCC_WARN_UNUSED_VARIABLE = YES;
				IPHONEOS_DEPLOYMENT_TARGET = 15.4;
				MTL_ENABLE_DEBUG_INFO = NO;
				MTL_FAST_MATH = YES;
				SDKROOT = iphoneos;
				SWIFT_COMPILATION_MODE = wholemodule;
				SWIFT_OPTIMIZATION_LEVEL = "-O";
				VALIDATE_PRODUCT = YES;
			};
			name = Release;
		};
		242EBE0B2821AF550054C82B /* Debug */ = {
			isa = XCBuildConfiguration;
			buildSettings = {
				ASSETCATALOG_COMPILER_APPICON_NAME = AppIcon;
				ASSETCATALOG_COMPILER_GLOBAL_ACCENT_COLOR_NAME = AccentColor;
				CODE_SIGN_STYLE = Automatic;
				CURRENT_PROJECT_VERSION = 1;
				DEVELOPMENT_ASSET_PATHS = "\"KGames/Preview Content\"";
				DEVELOPMENT_TEAM = F3564BGHWW;
				ENABLE_PREVIEWS = YES;
				GENERATE_INFOPLIST_FILE = YES;
				INFOPLIST_KEY_UIApplicationSceneManifest_Generation = YES;
				INFOPLIST_KEY_UIApplicationSupportsIndirectInputEvents = YES;
				INFOPLIST_KEY_UILaunchScreen_Generation = YES;
				INFOPLIST_KEY_UISupportedInterfaceOrientations_iPad = "UIInterfaceOrientationPortrait UIInterfaceOrientationPortraitUpsideDown UIInterfaceOrientationLandscapeLeft UIInterfaceOrientationLandscapeRight";
				INFOPLIST_KEY_UISupportedInterfaceOrientations_iPhone = "UIInterfaceOrientationPortrait UIInterfaceOrientationLandscapeLeft UIInterfaceOrientationLandscapeRight";
				LD_RUNPATH_SEARCH_PATHS = (
					"$(inherited)",
					"@executable_path/Frameworks",
				);
				MARKETING_VERSION = 1.0;
				PRODUCT_BUNDLE_IDENTIFIER = com.eric.KGames;
				PRODUCT_NAME = "$(TARGET_NAME)";
				SWIFT_EMIT_LOC_STRINGS = YES;
				SWIFT_VERSION = 5.0;
				TARGETED_DEVICE_FAMILY = "1,2";
			};
			name = Debug;
		};
		242EBE0C2821AF550054C82B /* Release */ = {
			isa = XCBuildConfiguration;
			buildSettings = {
				ASSETCATALOG_COMPILER_APPICON_NAME = AppIcon;
				ASSETCATALOG_COMPILER_GLOBAL_ACCENT_COLOR_NAME = AccentColor;
				CODE_SIGN_STYLE = Automatic;
				CURRENT_PROJECT_VERSION = 1;
				DEVELOPMENT_ASSET_PATHS = "\"KGames/Preview Content\"";
				DEVELOPMENT_TEAM = F3564BGHWW;
				ENABLE_PREVIEWS = YES;
				GENERATE_INFOPLIST_FILE = YES;
				INFOPLIST_KEY_UIApplicationSceneManifest_Generation = YES;
				INFOPLIST_KEY_UIApplicationSupportsIndirectInputEvents = YES;
				INFOPLIST_KEY_UILaunchScreen_Generation = YES;
				INFOPLIST_KEY_UISupportedInterfaceOrientations_iPad = "UIInterfaceOrientationPortrait UIInterfaceOrientationPortraitUpsideDown UIInterfaceOrientationLandscapeLeft UIInterfaceOrientationLandscapeRight";
				INFOPLIST_KEY_UISupportedInterfaceOrientations_iPhone = "UIInterfaceOrientationPortrait UIInterfaceOrientationLandscapeLeft UIInterfaceOrientationLandscapeRight";
				LD_RUNPATH_SEARCH_PATHS = (
					"$(inherited)",
					"@executable_path/Frameworks",
				);
				MARKETING_VERSION = 1.0;
				PRODUCT_BUNDLE_IDENTIFIER = com.eric.KGames;
				PRODUCT_NAME = "$(TARGET_NAME)";
				SWIFT_EMIT_LOC_STRINGS = YES;
				SWIFT_VERSION = 5.0;
				TARGETED_DEVICE_FAMILY = "1,2";
			};
			name = Release;
		};
/* End XCBuildConfiguration section */

/* Begin XCConfigurationList section */
		242EBDF72821AF4D0054C82B /* Build configuration list for PBXProject "KGames" */ = {
			isa = XCConfigurationList;
			buildConfigurations = (
				242EBE082821AF550054C82B /* Debug */,
				242EBE092821AF550054C82B /* Release */,
			);
			defaultConfigurationIsVisible = 0;
			defaultConfigurationName = Release;
		};
		242EBE0A2821AF550054C82B /* Build configuration list for PBXNativeTarget "KGames" */ = {
			isa = XCConfigurationList;
			buildConfigurations = (
				242EBE0B2821AF550054C82B /* Debug */,
				242EBE0C2821AF550054C82B /* Release */,
			);
			defaultConfigurationIsVisible = 0;
			defaultConfigurationName = Release;
		};
/* End XCConfigurationList section */
	};
	rootObject = 242EBDF42821AF4D0054C82B /* Project object */;
}
